
Microsoft Visual Studio Solution File, Format Version 12.00
# Visual Studio Version 16
VisualStudioVersion = 16.0.29709.97
MinimumVisualStudioVersion = 10.0.40219.1
Project("{9A19103F-16F7-4668-BE54-9A1E7A4F7556}") = "SEO_Automation", "SEO_Automation\SEO_Automation.csproj", "{0006E153-0193-487B-A0F5-6364FBD55919}"
EndProject
Project("{FAE04EC0-301F-11D3-BF4B-00C04F79EFBC}") = "web-api-tests", "web-api-tests\web-api-tests.csproj", "{366E2B9B-C49C-4CC5-9E26-B2D9ED526074}"
EndProject
Global
	GlobalSection(SolutionConfigurationPlatforms) = preSolution
		Debug|Any CPU = Debug|Any CPU
		Release|Any CPU = Release|Any CPU
	EndGlobalSection
	GlobalSection(ProjectConfigurationPlatforms) = postSolution
		{0006E153-0193-487B-A0F5-6364FBD55919}.Debug|Any CPU.ActiveCfg = Debug|Any CPU
		{0006E153-0193-487B-A0F5-6364FBD55919}.Debug|Any CPU.Build.0 = Debug|Any CPU
		{0006E153-0193-487B-A0F5-6364FBD55919}.Release|Any CPU.ActiveCfg = Release|Any CPU
		{0006E153-0193-487B-A0F5-6364FBD55919}.Release|Any CPU.Build.0 = Release|Any CPU
		{366E2B9B-C49C-4CC5-9E26-B2D9ED526074}.Debug|Any CPU.ActiveCfg = Debug|Any CPU
		{366E2B9B-C49C-4CC5-9E26-B2D9ED526074}.Debug|Any CPU.Build.0 = Debug|Any CPU
		{366E2B9B-C49C-4CC5-9E26-B2D9ED526074}.Release|Any CPU.ActiveCfg = Release|Any CPU
		{366E2B9B-C49C-4CC5-9E26-B2D9ED526074}.Release|Any CPU.Build.0 = Release|Any CPU
	EndGlobalSection
	GlobalSection(SolutionProperties) = preSolution
		HideSolutionNode = FALSE
	EndGlobalSection
	GlobalSection(ExtensibilityGlobals) = postSolution
		SolutionGuid = {341771F1-D644-4A4E-A252-2B601299EB42}
	EndGlobalSection
EndGlobal
